
Microsoft Visual Studio Solution File, Format Version 12.00
Project("{2150E333-8FDC-42A3-9474-1A3956D46DE8}") = "Behavioral", "Behavioral", "{868F9DBC-8E74-49FB-B65E-D444F2CCCF83}"
	ProjectSection(SolutionItems) = preProject
		Behavioral\README.md = Behavioral\README.md
	EndProjectSection
EndProject
Project("{2150E333-8FDC-42A3-9474-1A3956D46DE8}") = "Common", "Common", "{655CAEDE-3412-4F2D-8F9C-FEE31F7079BD}"
EndProject
Project("{FAE04EC0-301F-11D3-BF4B-00C04F79EFBC}") = "Models", "Models\Models.csproj", "{916517D8-4C56-469D-983B-7A6796750878}"
EndProject
Project("{FAE04EC0-301F-11D3-BF4B-00C04F79EFBC}") = "Enums", "Enums\Enums.csproj", "{6435A6CD-D0B5-445C-ABE5-2AA180D98A82}"
EndProject
Project("{FAE04EC0-301F-11D3-BF4B-00C04F79EFBC}") = "IO", "IO\IO.csproj", "{96214FD2-938F-4276-A23A-8738958806B6}"
EndProject
Project("{FAE04EC0-301F-11D3-BF4B-00C04F79EFBC}") = "DesignPatternInterfaces", "DesignPatternInterfaces\DesignPatternInterfaces.csproj", "{C583A944-000E-4CE2-8300-148D2A26777B}"
EndProject
Project("{FAE04EC0-301F-11D3-BF4B-00C04F79EFBC}") = "DesignPatternExecution", "DesignPatternExecution\DesignPatternExecution.csproj", "{926557D6-4F5F-4593-A1DD-08994EAE28D4}"
EndProject
Project("{FAE04EC0-301F-11D3-BF4B-00C04F79EFBC}") = "ChainOfResponsibility", "Behavioral\ChainOfResponsibility\ChainOfResponsibility.csproj", "{3C1DBD15-57D2-44A5-A5E6-03F0DBE2D0CA}"
EndProject
Project("{FAE04EC0-301F-11D3-BF4B-00C04F79EFBC}") = "Command", "Behavioral\Command\Command.csproj", "{09EFD347-0728-4894-942D-CEC2F017231B}"
EndProject
Project("{2150E333-8FDC-42A3-9474-1A3956D46DE8}") = "Structural", "Structural", "{80DF9949-142E-4440-8BF3-9DA4F98B1DD0}"
EndProject
Project("{FAE04EC0-301F-11D3-BF4B-00C04F79EFBC}") = "Adapter", "Structural\Adapter\Adapter.csproj", "{C2C0CF84-C711-4326-985A-0BCBB814D7D6}"
EndProject
Project("{2150E333-8FDC-42A3-9474-1A3956D46DE8}") = "Creational", "Creational", "{44FDDDBC-1F68-45CC-A71E-204701EF801B}"
EndProject
Project("{FAE04EC0-301F-11D3-BF4B-00C04F79EFBC}") = "Singleton", "Creational\Singleton\Singleton.csproj", "{283C8805-BC16-4189-AB7D-B79B66A60875}"
EndProject
Project("{FAE04EC0-301F-11D3-BF4B-00C04F79EFBC}") = "State", "Behavioral\State\State.csproj", "{DE6CE527-9D60-42DE-86D3-45ED8DD844ED}"
EndProject
Global
	GlobalSection(SolutionConfigurationPlatforms) = preSolution
		Debug|Any CPU = Debug|Any CPU
		Release|Any CPU = Release|Any CPU
	EndGlobalSection
	GlobalSection(NestedProjects) = preSolution
		{916517D8-4C56-469D-983B-7A6796750878} = {655CAEDE-3412-4F2D-8F9C-FEE31F7079BD}
		{6435A6CD-D0B5-445C-ABE5-2AA180D98A82} = {655CAEDE-3412-4F2D-8F9C-FEE31F7079BD}
		{96214FD2-938F-4276-A23A-8738958806B6} = {655CAEDE-3412-4F2D-8F9C-FEE31F7079BD}
		{C583A944-000E-4CE2-8300-148D2A26777B} = {655CAEDE-3412-4F2D-8F9C-FEE31F7079BD}
		{926557D6-4F5F-4593-A1DD-08994EAE28D4} = {655CAEDE-3412-4F2D-8F9C-FEE31F7079BD}
		{3C1DBD15-57D2-44A5-A5E6-03F0DBE2D0CA} = {868F9DBC-8E74-49FB-B65E-D444F2CCCF83}
		{09EFD347-0728-4894-942D-CEC2F017231B} = {868F9DBC-8E74-49FB-B65E-D444F2CCCF83}
		{C2C0CF84-C711-4326-985A-0BCBB814D7D6} = {80DF9949-142E-4440-8BF3-9DA4F98B1DD0}
		{283C8805-BC16-4189-AB7D-B79B66A60875} = {44FDDDBC-1F68-45CC-A71E-204701EF801B}
		{DE6CE527-9D60-42DE-86D3-45ED8DD844ED} = {868F9DBC-8E74-49FB-B65E-D444F2CCCF83}
	EndGlobalSection
	GlobalSection(ProjectConfigurationPlatforms) = postSolution
		{916517D8-4C56-469D-983B-7A6796750878}.Debug|Any CPU.ActiveCfg = Debug|Any CPU
		{916517D8-4C56-469D-983B-7A6796750878}.Debug|Any CPU.Build.0 = Debug|Any CPU
		{916517D8-4C56-469D-983B-7A6796750878}.Release|Any CPU.ActiveCfg = Release|Any CPU
		{916517D8-4C56-469D-983B-7A6796750878}.Release|Any CPU.Build.0 = Release|Any CPU
		{6435A6CD-D0B5-445C-ABE5-2AA180D98A82}.Debug|Any CPU.ActiveCfg = Debug|Any CPU
		{6435A6CD-D0B5-445C-ABE5-2AA180D98A82}.Debug|Any CPU.Build.0 = Debug|Any CPU
		{6435A6CD-D0B5-445C-ABE5-2AA180D98A82}.Release|Any CPU.ActiveCfg = Release|Any CPU
		{6435A6CD-D0B5-445C-ABE5-2AA180D98A82}.Release|Any CPU.Build.0 = Release|Any CPU
		{96214FD2-938F-4276-A23A-8738958806B6}.Debug|Any CPU.ActiveCfg = Debug|Any CPU
		{96214FD2-938F-4276-A23A-8738958806B6}.Debug|Any CPU.Build.0 = Debug|Any CPU
		{96214FD2-938F-4276-A23A-8738958806B6}.Release|Any CPU.ActiveCfg = Release|Any CPU
		{96214FD2-938F-4276-A23A-8738958806B6}.Release|Any CPU.Build.0 = Release|Any CPU
		{C583A944-000E-4CE2-8300-148D2A26777B}.Debug|Any CPU.ActiveCfg = Debug|Any CPU
		{C583A944-000E-4CE2-8300-148D2A26777B}.Debug|Any CPU.Build.0 = Debug|Any CPU
		{C583A944-000E-4CE2-8300-148D2A26777B}.Release|Any CPU.ActiveCfg = Release|Any CPU
		{C583A944-000E-4CE2-8300-148D2A26777B}.Release|Any CPU.Build.0 = Release|Any CPU
		{926557D6-4F5F-4593-A1DD-08994EAE28D4}.Debug|Any CPU.ActiveCfg = Debug|Any CPU
		{926557D6-4F5F-4593-A1DD-08994EAE28D4}.Debug|Any CPU.Build.0 = Debug|Any CPU
		{926557D6-4F5F-4593-A1DD-08994EAE28D4}.Release|Any CPU.ActiveCfg = Release|Any CPU
		{926557D6-4F5F-4593-A1DD-08994EAE28D4}.Release|Any CPU.Build.0 = Release|Any CPU
		{3C1DBD15-57D2-44A5-A5E6-03F0DBE2D0CA}.Debug|Any CPU.ActiveCfg = Debug|Any CPU
		{3C1DBD15-57D2-44A5-A5E6-03F0DBE2D0CA}.Debug|Any CPU.Build.0 = Debug|Any CPU
		{3C1DBD15-57D2-44A5-A5E6-03F0DBE2D0CA}.Release|Any CPU.ActiveCfg = Release|Any CPU
		{3C1DBD15-57D2-44A5-A5E6-03F0DBE2D0CA}.Release|Any CPU.Build.0 = Release|Any CPU
		{09EFD347-0728-4894-942D-CEC2F017231B}.Debug|Any CPU.ActiveCfg = Debug|Any CPU
		{09EFD347-0728-4894-942D-CEC2F017231B}.Debug|Any CPU.Build.0 = Debug|Any CPU
		{09EFD347-0728-4894-942D-CEC2F017231B}.Release|Any CPU.ActiveCfg = Release|Any CPU
		{09EFD347-0728-4894-942D-CEC2F017231B}.Release|Any CPU.Build.0 = Release|Any CPU
		{C2C0CF84-C711-4326-985A-0BCBB814D7D6}.Debug|Any CPU.ActiveCfg = Debug|Any CPU
		{C2C0CF84-C711-4326-985A-0BCBB814D7D6}.Debug|Any CPU.Build.0 = Debug|Any CPU
		{C2C0CF84-C711-4326-985A-0BCBB814D7D6}.Release|Any CPU.ActiveCfg = Release|Any CPU
		{C2C0CF84-C711-4326-985A-0BCBB814D7D6}.Release|Any CPU.Build.0 = Release|Any CPU
		{283C8805-BC16-4189-AB7D-B79B66A60875}.Debug|Any CPU.ActiveCfg = Debug|Any CPU
		{283C8805-BC16-4189-AB7D-B79B66A60875}.Debug|Any CPU.Build.0 = Debug|Any CPU
		{283C8805-BC16-4189-AB7D-B79B66A60875}.Release|Any CPU.ActiveCfg = Release|Any CPU
		{283C8805-BC16-4189-AB7D-B79B66A60875}.Release|Any CPU.Build.0 = Release|Any CPU
		{DE6CE527-9D60-42DE-86D3-45ED8DD844ED}.Debug|Any CPU.ActiveCfg = Debug|Any CPU
		{DE6CE527-9D60-42DE-86D3-45ED8DD844ED}.Debug|Any CPU.Build.0 = Debug|Any CPU
		{DE6CE527-9D60-42DE-86D3-45ED8DD844ED}.Release|Any CPU.ActiveCfg = Release|Any CPU
		{DE6CE527-9D60-42DE-86D3-45ED8DD844ED}.Release|Any CPU.Build.0 = Release|Any CPU
	EndGlobalSection
EndGlobal
