
Microsoft Visual Studio Solution File, Format Version 12.00
Project("{2150E333-8FDC-42A3-9474-1A3956D46DE8}") = "Behavioral", "Behavioral", "{868F9DBC-8E74-49FB-B65E-D444F2CCCF83}"
EndProject
Project("{FAE04EC0-301F-11D3-BF4B-00C04F79EFBC}") = "ChainOfResponsibility", "Behavioral\ChainOfResponsibility\ChainOfResponsibility.csproj", "{4156C10E-4D69-4591-9A07-15E109B1D799}"
EndProject
Global
	GlobalSection(SolutionConfigurationPlatforms) = preSolution
		Debug|Any CPU = Debug|Any CPU
		Release|Any CPU = Release|Any CPU
	EndGlobalSection
	GlobalSection(NestedProjects) = preSolution
		{4156C10E-4D69-4591-9A07-15E109B1D799} = {868F9DBC-8E74-49FB-B65E-D444F2CCCF83}
	EndGlobalSection
	GlobalSection(ProjectConfigurationPlatforms) = postSolution
		{4156C10E-4D69-4591-9A07-15E109B1D799}.Debug|Any CPU.ActiveCfg = Debug|Any CPU
		{4156C10E-4D69-4591-9A07-15E109B1D799}.Debug|Any CPU.Build.0 = Debug|Any CPU
		{4156C10E-4D69-4591-9A07-15E109B1D799}.Release|Any CPU.ActiveCfg = Release|Any CPU
		{4156C10E-4D69-4591-9A07-15E109B1D799}.Release|Any CPU.Build.0 = Release|Any CPU
	EndGlobalSection
EndGlobal
